
Microsoft Visual Studio Solution File, Format Version 12.00
# Visual Studio 15
VisualStudioVersion = 15.0.28307.421
MinimumVisualStudioVersion = 10.0.40219.1
Project("{FAE04EC0-301F-11D3-BF4B-00C04F79EFBC}") = "SwordAndFather", "SwordAndFather\SwordAndFather.csproj", "{6256EF84-DC78-4539-8BDB-C9FE98851166}"
EndProject
Global
	GlobalSection(SolutionConfigurationPlatforms) = preSolution
		Debug|Any CPU = Debug|Any CPU
		Release|Any CPU = Release|Any CPU
	EndGlobalSection
	GlobalSection(ProjectConfigurationPlatforms) = postSolution
		{6256EF84-DC78-4539-8BDB-C9FE98851166}.Debug|Any CPU.ActiveCfg = Debug|Any CPU
		{6256EF84-DC78-4539-8BDB-C9FE98851166}.Debug|Any CPU.Build.0 = Debug|Any CPU
		{6256EF84-DC78-4539-8BDB-C9FE98851166}.Release|Any CPU.ActiveCfg = Release|Any CPU
		{6256EF84-DC78-4539-8BDB-C9FE98851166}.Release|Any CPU.Build.0 = Release|Any CPU
	EndGlobalSection
	GlobalSection(SolutionProperties) = preSolution
		HideSolutionNode = FALSE
	EndGlobalSection
	GlobalSection(ExtensibilityGlobals) = postSolution
		SolutionGuid = {92301EA1-F639-41E8-9797-EBA311B6D798}
	EndGlobalSection
EndGlobal
